
Microsoft Visual Studio Solution File, Format Version 12.00
Project("{FAE04EC0-301F-11D3-BF4B-00C04F79EFBC}") = "Booking", "Booking\Booking.csproj", "{6292020A-459E-480E-8CE3-6755C9339829}"
EndProject
Project("{FAE04EC0-301F-11D3-BF4B-00C04F79EFBC}") = "Booking.Core", "Booking.Core\Booking.Core.csproj", "{C1854531-8874-4B09-BBE4-BC4C71463AB4}"
EndProject
Project("{FAE04EC0-301F-11D3-BF4B-00C04F79EFBC}") = "Booking.Infrastructure", "Booking.Infrastructure\Booking.Infrastructure.csproj", "{6664A506-96B8-4482-9D04-DADB8C96EAB1}"
EndProject
Project("{FAE04EC0-301F-11D3-BF4B-00C04F79EFBC}") = "Booking.Specs", "Booking.Specs\Booking.Specs.csproj", "{AAC14A54-257E-456B-98C7-971298DC5C0B}"
EndProject
Project("{FAE04EC0-301F-11D3-BF4B-00C04F79EFBC}") = "Booking.Contract", "Booking.Contract\Booking.Contract.csproj", "{B6235621-8251-488B-8D87-870E8FDAF28B}"
EndProject
Global
	GlobalSection(SolutionConfigurationPlatforms) = preSolution
		Debug|Any CPU = Debug|Any CPU
		Release|Any CPU = Release|Any CPU
	EndGlobalSection
	GlobalSection(ProjectConfigurationPlatforms) = postSolution
		{6292020A-459E-480E-8CE3-6755C9339829}.Debug|Any CPU.ActiveCfg = Debug|Any CPU
		{6292020A-459E-480E-8CE3-6755C9339829}.Debug|Any CPU.Build.0 = Debug|Any CPU
		{6292020A-459E-480E-8CE3-6755C9339829}.Release|Any CPU.ActiveCfg = Release|Any CPU
		{6292020A-459E-480E-8CE3-6755C9339829}.Release|Any CPU.Build.0 = Release|Any CPU
		{C1854531-8874-4B09-BBE4-BC4C71463AB4}.Debug|Any CPU.ActiveCfg = Debug|Any CPU
		{C1854531-8874-4B09-BBE4-BC4C71463AB4}.Debug|Any CPU.Build.0 = Debug|Any CPU
		{C1854531-8874-4B09-BBE4-BC4C71463AB4}.Release|Any CPU.ActiveCfg = Release|Any CPU
		{C1854531-8874-4B09-BBE4-BC4C71463AB4}.Release|Any CPU.Build.0 = Release|Any CPU
		{6664A506-96B8-4482-9D04-DADB8C96EAB1}.Debug|Any CPU.ActiveCfg = Debug|Any CPU
		{6664A506-96B8-4482-9D04-DADB8C96EAB1}.Debug|Any CPU.Build.0 = Debug|Any CPU
		{6664A506-96B8-4482-9D04-DADB8C96EAB1}.Release|Any CPU.ActiveCfg = Release|Any CPU
		{6664A506-96B8-4482-9D04-DADB8C96EAB1}.Release|Any CPU.Build.0 = Release|Any CPU
		{AAC14A54-257E-456B-98C7-971298DC5C0B}.Debug|Any CPU.ActiveCfg = Debug|Any CPU
		{AAC14A54-257E-456B-98C7-971298DC5C0B}.Debug|Any CPU.Build.0 = Debug|Any CPU
		{AAC14A54-257E-456B-98C7-971298DC5C0B}.Release|Any CPU.ActiveCfg = Release|Any CPU
		{AAC14A54-257E-456B-98C7-971298DC5C0B}.Release|Any CPU.Build.0 = Release|Any CPU
		{B6235621-8251-488B-8D87-870E8FDAF28B}.Debug|Any CPU.ActiveCfg = Debug|Any CPU
		{B6235621-8251-488B-8D87-870E8FDAF28B}.Debug|Any CPU.Build.0 = Debug|Any CPU
		{B6235621-8251-488B-8D87-870E8FDAF28B}.Release|Any CPU.ActiveCfg = Release|Any CPU
		{B6235621-8251-488B-8D87-870E8FDAF28B}.Release|Any CPU.Build.0 = Release|Any CPU
	EndGlobalSection
EndGlobal
